
Microsoft Visual Studio Solution File, Format Version 12.00
# Visual Studio Version 17
VisualStudioVersion = 17.0.31903.59
MinimumVisualStudioVersion = 10.0.40219.1
Project("{FAE04EC0-301F-11D3-BF4B-00C04F79EFBC}") = "LMS.Shared", "LMS.Shared\LMS.Shared.csproj", "{3F32AED7-CA40-47C4-8259-D3CCF946A17B}"
EndProject
Project("{2150E333-8FDC-42A3-9474-1A3956D46DE8}") = "LMS.BookService", "LMS.BookService", "{1D892BC8-9C22-415A-9779-D73AFBCB774C}"
EndProject
Project("{2150E333-8FDC-42A3-9474-1A3956D46DE8}") = "LMS.UserService", "LMS.UserService", "{6C815B2F-0F47-40E1-8F06-425B4062D755}"
EndProject
Project("{FAE04EC0-301F-11D3-BF4B-00C04F79EFBC}") = "LMS.BookService.Application", "BookService\LMS.BookService.Application\LMS.BookService.Application.csproj", "{CC08F4F6-C608-47F3-B8C1-8B68150FEFAE}"
EndProject
Project("{FAE04EC0-301F-11D3-BF4B-00C04F79EFBC}") = "LMS.BookService.Domain", "BookService\LMS.BookService.Domain\LMS.BookService.Domain.csproj", "{A1099253-AF10-4E54-B80D-6261D9A5930B}"
EndProject
Project("{FAE04EC0-301F-11D3-BF4B-00C04F79EFBC}") = "LMS.BookService.Infrastructure", "BookService\LMS.BookService.Infrastructure\LMS.BookService.Infrastructure.csproj", "{E0C7DA6C-D5BE-45E8-ABBA-D35E5A52DEED}"
EndProject
Project("{FAE04EC0-301F-11D3-BF4B-00C04F79EFBC}") = "LMS.BookService.Presentation", "BookService\LMS.BookService.Presentation\LMS.BookService.Presentation.csproj", "{3A8E3E04-4F82-4073-A790-848F2C66BA50}"
EndProject
Project("{FAE04EC0-301F-11D3-BF4B-00C04F79EFBC}") = "LMS.UserService.Presentation", "UserService\LMS.UserService.Presentation\LMS.UserService.Presentation.csproj", "{66C26D92-AC7B-4479-9288-3C5D48AD78C2}"
EndProject
Project("{FAE04EC0-301F-11D3-BF4B-00C04F79EFBC}") = "LMS.UserService.Application", "UserService\LMS.UserService.Application\LMS.UserService.Application.csproj", "{E2F6CF4A-37D6-46B3-A48B-E90D1D0BB272}"
EndProject
Project("{FAE04EC0-301F-11D3-BF4B-00C04F79EFBC}") = "LMS.UserService.Infrastructure", "UserService\LMS.UserService.Infrastructure\LMS.UserService.Infrastructure.csproj", "{82A8DA89-C494-4159-9D5D-3C353F6E5172}"
EndProject
Project("{FAE04EC0-301F-11D3-BF4B-00C04F79EFBC}") = "LMS.UserService.Domain", "UserService\LMS.UserService.Domain\LMS.UserService.Domain.csproj", "{D1A87CFA-5FCA-4B72-92BA-6BA801E8C085}"
EndProject
Project("{2150E333-8FDC-42A3-9474-1A3956D46DE8}") = "BorrowService", "BorrowService", "{EF3170FB-2A18-4DDE-8599-DCEF82E175BA}"
EndProject
Project("{FAE04EC0-301F-11D3-BF4B-00C04F79EFBC}") = "LMS.BorrowService.Presentation", "BorrowService\LMS.BorrowService.Presentation\LMS.BorrowService.Presentation.csproj", "{84AEE2E3-A726-43C4-9365-273EE75F0A69}"
EndProject
Project("{FAE04EC0-301F-11D3-BF4B-00C04F79EFBC}") = "LMS.BorrowService.Application", "BorrowService\LMS.BorrowService.Application\LMS.BorrowService.Application.csproj", "{51B01DB5-5149-4E85-AE0B-6D6E049BB21B}"
EndProject
Project("{FAE04EC0-301F-11D3-BF4B-00C04F79EFBC}") = "LMS.BorrowService.Infrastructure", "BorrowService\LMS.BorrowService.Infrastructure\LMS.BorrowService.Infrastructure.csproj", "{4342EF1F-4BD8-417B-B4DC-4E1E4CA76771}"
EndProject
Project("{FAE04EC0-301F-11D3-BF4B-00C04F79EFBC}") = "LMS.BorrowService.Domain", "BorrowService\LMS.BorrowService.Domain\LMS.BorrowService.Domain.csproj", "{57D6DD4F-AC72-42CB-9238-FB8F19342AE0}"
EndProject
Global
	GlobalSection(SolutionConfigurationPlatforms) = preSolution
		Debug|Any CPU = Debug|Any CPU
		Release|Any CPU = Release|Any CPU
	EndGlobalSection
	GlobalSection(SolutionProperties) = preSolution
		HideSolutionNode = FALSE
	EndGlobalSection
	GlobalSection(ProjectConfigurationPlatforms) = postSolution
		{3F32AED7-CA40-47C4-8259-D3CCF946A17B}.Debug|Any CPU.ActiveCfg = Debug|Any CPU
		{3F32AED7-CA40-47C4-8259-D3CCF946A17B}.Debug|Any CPU.Build.0 = Debug|Any CPU
		{3F32AED7-CA40-47C4-8259-D3CCF946A17B}.Release|Any CPU.ActiveCfg = Release|Any CPU
		{3F32AED7-CA40-47C4-8259-D3CCF946A17B}.Release|Any CPU.Build.0 = Release|Any CPU
		{CC08F4F6-C608-47F3-B8C1-8B68150FEFAE}.Debug|Any CPU.ActiveCfg = Debug|Any CPU
		{CC08F4F6-C608-47F3-B8C1-8B68150FEFAE}.Debug|Any CPU.Build.0 = Debug|Any CPU
		{CC08F4F6-C608-47F3-B8C1-8B68150FEFAE}.Release|Any CPU.ActiveCfg = Release|Any CPU
		{CC08F4F6-C608-47F3-B8C1-8B68150FEFAE}.Release|Any CPU.Build.0 = Release|Any CPU
		{A1099253-AF10-4E54-B80D-6261D9A5930B}.Debug|Any CPU.ActiveCfg = Debug|Any CPU
		{A1099253-AF10-4E54-B80D-6261D9A5930B}.Debug|Any CPU.Build.0 = Debug|Any CPU
		{A1099253-AF10-4E54-B80D-6261D9A5930B}.Release|Any CPU.ActiveCfg = Release|Any CPU
		{A1099253-AF10-4E54-B80D-6261D9A5930B}.Release|Any CPU.Build.0 = Release|Any CPU
		{E0C7DA6C-D5BE-45E8-ABBA-D35E5A52DEED}.Debug|Any CPU.ActiveCfg = Debug|Any CPU
		{E0C7DA6C-D5BE-45E8-ABBA-D35E5A52DEED}.Debug|Any CPU.Build.0 = Debug|Any CPU
		{E0C7DA6C-D5BE-45E8-ABBA-D35E5A52DEED}.Release|Any CPU.ActiveCfg = Release|Any CPU
		{E0C7DA6C-D5BE-45E8-ABBA-D35E5A52DEED}.Release|Any CPU.Build.0 = Release|Any CPU
		{3A8E3E04-4F82-4073-A790-848F2C66BA50}.Debug|Any CPU.ActiveCfg = Debug|Any CPU
		{3A8E3E04-4F82-4073-A790-848F2C66BA50}.Debug|Any CPU.Build.0 = Debug|Any CPU
		{3A8E3E04-4F82-4073-A790-848F2C66BA50}.Release|Any CPU.ActiveCfg = Release|Any CPU
		{3A8E3E04-4F82-4073-A790-848F2C66BA50}.Release|Any CPU.Build.0 = Release|Any CPU
		{66C26D92-AC7B-4479-9288-3C5D48AD78C2}.Debug|Any CPU.ActiveCfg = Debug|Any CPU
		{66C26D92-AC7B-4479-9288-3C5D48AD78C2}.Debug|Any CPU.Build.0 = Debug|Any CPU
		{66C26D92-AC7B-4479-9288-3C5D48AD78C2}.Release|Any CPU.ActiveCfg = Release|Any CPU
		{66C26D92-AC7B-4479-9288-3C5D48AD78C2}.Release|Any CPU.Build.0 = Release|Any CPU
		{E2F6CF4A-37D6-46B3-A48B-E90D1D0BB272}.Debug|Any CPU.ActiveCfg = Debug|Any CPU
		{E2F6CF4A-37D6-46B3-A48B-E90D1D0BB272}.Debug|Any CPU.Build.0 = Debug|Any CPU
		{E2F6CF4A-37D6-46B3-A48B-E90D1D0BB272}.Release|Any CPU.ActiveCfg = Release|Any CPU
		{E2F6CF4A-37D6-46B3-A48B-E90D1D0BB272}.Release|Any CPU.Build.0 = Release|Any CPU
		{82A8DA89-C494-4159-9D5D-3C353F6E5172}.Debug|Any CPU.ActiveCfg = Debug|Any CPU
		{82A8DA89-C494-4159-9D5D-3C353F6E5172}.Debug|Any CPU.Build.0 = Debug|Any CPU
		{82A8DA89-C494-4159-9D5D-3C353F6E5172}.Release|Any CPU.ActiveCfg = Release|Any CPU
		{82A8DA89-C494-4159-9D5D-3C353F6E5172}.Release|Any CPU.Build.0 = Release|Any CPU
		{D1A87CFA-5FCA-4B72-92BA-6BA801E8C085}.Debug|Any CPU.ActiveCfg = Debug|Any CPU
		{D1A87CFA-5FCA-4B72-92BA-6BA801E8C085}.Debug|Any CPU.Build.0 = Debug|Any CPU
		{D1A87CFA-5FCA-4B72-92BA-6BA801E8C085}.Release|Any CPU.ActiveCfg = Release|Any CPU
		{D1A87CFA-5FCA-4B72-92BA-6BA801E8C085}.Release|Any CPU.Build.0 = Release|Any CPU
		{84AEE2E3-A726-43C4-9365-273EE75F0A69}.Debug|Any CPU.ActiveCfg = Debug|Any CPU
		{84AEE2E3-A726-43C4-9365-273EE75F0A69}.Debug|Any CPU.Build.0 = Debug|Any CPU
		{84AEE2E3-A726-43C4-9365-273EE75F0A69}.Release|Any CPU.ActiveCfg = Release|Any CPU
		{84AEE2E3-A726-43C4-9365-273EE75F0A69}.Release|Any CPU.Build.0 = Release|Any CPU
		{51B01DB5-5149-4E85-AE0B-6D6E049BB21B}.Debug|Any CPU.ActiveCfg = Debug|Any CPU
		{51B01DB5-5149-4E85-AE0B-6D6E049BB21B}.Debug|Any CPU.Build.0 = Debug|Any CPU
		{51B01DB5-5149-4E85-AE0B-6D6E049BB21B}.Release|Any CPU.ActiveCfg = Release|Any CPU
		{51B01DB5-5149-4E85-AE0B-6D6E049BB21B}.Release|Any CPU.Build.0 = Release|Any CPU
		{4342EF1F-4BD8-417B-B4DC-4E1E4CA76771}.Debug|Any CPU.ActiveCfg = Debug|Any CPU
		{4342EF1F-4BD8-417B-B4DC-4E1E4CA76771}.Debug|Any CPU.Build.0 = Debug|Any CPU
		{4342EF1F-4BD8-417B-B4DC-4E1E4CA76771}.Release|Any CPU.ActiveCfg = Release|Any CPU
		{4342EF1F-4BD8-417B-B4DC-4E1E4CA76771}.Release|Any CPU.Build.0 = Release|Any CPU
		{57D6DD4F-AC72-42CB-9238-FB8F19342AE0}.Debug|Any CPU.ActiveCfg = Debug|Any CPU
		{57D6DD4F-AC72-42CB-9238-FB8F19342AE0}.Debug|Any CPU.Build.0 = Debug|Any CPU
		{57D6DD4F-AC72-42CB-9238-FB8F19342AE0}.Release|Any CPU.ActiveCfg = Release|Any CPU
		{57D6DD4F-AC72-42CB-9238-FB8F19342AE0}.Release|Any CPU.Build.0 = Release|Any CPU
	EndGlobalSection
	GlobalSection(NestedProjects) = preSolution
		{CC08F4F6-C608-47F3-B8C1-8B68150FEFAE} = {1D892BC8-9C22-415A-9779-D73AFBCB774C}
		{A1099253-AF10-4E54-B80D-6261D9A5930B} = {1D892BC8-9C22-415A-9779-D73AFBCB774C}
		{E0C7DA6C-D5BE-45E8-ABBA-D35E5A52DEED} = {1D892BC8-9C22-415A-9779-D73AFBCB774C}
		{3A8E3E04-4F82-4073-A790-848F2C66BA50} = {1D892BC8-9C22-415A-9779-D73AFBCB774C}
		{66C26D92-AC7B-4479-9288-3C5D48AD78C2} = {6C815B2F-0F47-40E1-8F06-425B4062D755}
		{E2F6CF4A-37D6-46B3-A48B-E90D1D0BB272} = {6C815B2F-0F47-40E1-8F06-425B4062D755}
		{82A8DA89-C494-4159-9D5D-3C353F6E5172} = {6C815B2F-0F47-40E1-8F06-425B4062D755}
		{D1A87CFA-5FCA-4B72-92BA-6BA801E8C085} = {6C815B2F-0F47-40E1-8F06-425B4062D755}
		{84AEE2E3-A726-43C4-9365-273EE75F0A69} = {EF3170FB-2A18-4DDE-8599-DCEF82E175BA}
		{51B01DB5-5149-4E85-AE0B-6D6E049BB21B} = {EF3170FB-2A18-4DDE-8599-DCEF82E175BA}
		{4342EF1F-4BD8-417B-B4DC-4E1E4CA76771} = {EF3170FB-2A18-4DDE-8599-DCEF82E175BA}
		{57D6DD4F-AC72-42CB-9238-FB8F19342AE0} = {EF3170FB-2A18-4DDE-8599-DCEF82E175BA}
	EndGlobalSection
EndGlobal
