
Microsoft Visual Studio Solution File, Format Version 12.00
# Visual Studio Version 17
VisualStudioVersion = 17.0.31903.59
MinimumVisualStudioVersion = 10.0.40219.1
Project("{FAE04EC0-301F-11D3-BF4B-00C04F79EFBC}") = "LMS.Shared", "LMS.Shared\LMS.Shared.csproj", "{3F32AED7-CA40-47C4-8259-D3CCF946A17B}"
EndProject
Project("{FAE04EC0-301F-11D3-BF4B-00C04F79EFBC}") = "RabbitMQEventBus", "RabbitMQEventBus\RabbitMQEventBus.csproj", "{817FE43C-43A4-48E4-AFE8-A4992E88B2B3}"
EndProject
Project("{FAE04EC0-301F-11D3-BF4B-00C04F79EFBC}") = "ApiGateway", "ApiGateway\ApiGateway.csproj", "{EA61B0EB-7836-450A-A11C-46B785C3C995}"
EndProject
Project("{FAE04EC0-301F-11D3-BF4B-00C04F79EFBC}") = "BookService.Application", "BookService.Application\BookService.Application.csproj", "{A64DE2D2-4B45-4FB0-B85B-D1BDF146015A}"
EndProject
Project("{FAE04EC0-301F-11D3-BF4B-00C04F79EFBC}") = "BookService.Domain", "BookService.Domain\BookService.Domain.csproj", "{8B00DF71-0632-400D-89F1-BB5AA140FA5E}"
EndProject
Project("{FAE04EC0-301F-11D3-BF4B-00C04F79EFBC}") = "BookService.Infrastructure", "BookService.Infrastructure\BookService.Infrastructure.csproj", "{3DB53D8F-74BA-4334-90EF-5A57BFABBB50}"
EndProject
Project("{FAE04EC0-301F-11D3-BF4B-00C04F79EFBC}") = "BookService.Presentation", "BookService.Presentation\BookService.Presentation.csproj", "{AB431DE1-6002-4ADE-A965-81F9DBD8EA7A}"
EndProject
Project("{FAE04EC0-301F-11D3-BF4B-00C04F79EFBC}") = "BorrowService.Application", "BorrowService.Application\BorrowService.Application.csproj", "{F5E210BC-1F6D-489B-B745-D3AAB9BA804F}"
EndProject
Project("{FAE04EC0-301F-11D3-BF4B-00C04F79EFBC}") = "BorrowService.Domain", "BorrowService.Domain\BorrowService.Domain.csproj", "{29C09BF3-F0F9-4C6C-A249-08DD8FDFEF6B}"
EndProject
Project("{FAE04EC0-301F-11D3-BF4B-00C04F79EFBC}") = "BorrowService.Infrastructure", "BorrowService.Infrastructure\BorrowService.Infrastructure.csproj", "{F50990A3-1E65-47FE-8C6F-2DD1CEE0318B}"
EndProject
Project("{FAE04EC0-301F-11D3-BF4B-00C04F79EFBC}") = "BorrowService.Presentation", "BorrowService.Presentation\BorrowService.Presentation.csproj", "{592EA3EA-3C77-4C03-8450-C973CBE244C5}"
EndProject
Project("{FAE04EC0-301F-11D3-BF4B-00C04F79EFBC}") = "UserService.Application", "UserService.Application\UserService.Application.csproj", "{47036623-C7CE-478D-B8F6-3EF9A3958D39}"
EndProject
Project("{FAE04EC0-301F-11D3-BF4B-00C04F79EFBC}") = "UserService.Domain", "UserService.Domain\UserService.Domain.csproj", "{92A52EF8-ACF9-415D-A1A3-E20079641D7B}"
EndProject
Project("{FAE04EC0-301F-11D3-BF4B-00C04F79EFBC}") = "UserService.Infrastructure", "UserService.Infrastructure\UserService.Infrastructure.csproj", "{72CDB535-323F-4DD2-9A1E-2B06B76CBCF1}"
EndProject
Project("{FAE04EC0-301F-11D3-BF4B-00C04F79EFBC}") = "UserService.Presentation", "UserService.Presentation\UserService.Presentation.csproj", "{6F72B49A-8FB9-48C5-97C8-DC3154ED25EC}"
EndProject
Project("{FAE04EC0-301F-11D3-BF4B-00C04F79EFBC}") = "NotificationService", "NotificationService\NotificationService.csproj", "{A4D92141-9DD9-45CC-9CC5-054B7F555834}"
EndProject
Global
	GlobalSection(SolutionConfigurationPlatforms) = preSolution
		Debug|Any CPU = Debug|Any CPU
		Release|Any CPU = Release|Any CPU
	EndGlobalSection
	GlobalSection(SolutionProperties) = preSolution
		HideSolutionNode = FALSE
	EndGlobalSection
	GlobalSection(ProjectConfigurationPlatforms) = postSolution
		{3F32AED7-CA40-47C4-8259-D3CCF946A17B}.Debug|Any CPU.ActiveCfg = Debug|Any CPU
		{3F32AED7-CA40-47C4-8259-D3CCF946A17B}.Debug|Any CPU.Build.0 = Debug|Any CPU
		{3F32AED7-CA40-47C4-8259-D3CCF946A17B}.Release|Any CPU.ActiveCfg = Release|Any CPU
		{3F32AED7-CA40-47C4-8259-D3CCF946A17B}.Release|Any CPU.Build.0 = Release|Any CPU
		{817FE43C-43A4-48E4-AFE8-A4992E88B2B3}.Debug|Any CPU.ActiveCfg = Debug|Any CPU
		{817FE43C-43A4-48E4-AFE8-A4992E88B2B3}.Debug|Any CPU.Build.0 = Debug|Any CPU
		{817FE43C-43A4-48E4-AFE8-A4992E88B2B3}.Release|Any CPU.ActiveCfg = Release|Any CPU
		{817FE43C-43A4-48E4-AFE8-A4992E88B2B3}.Release|Any CPU.Build.0 = Release|Any CPU
		{EA61B0EB-7836-450A-A11C-46B785C3C995}.Debug|Any CPU.ActiveCfg = Debug|Any CPU
		{EA61B0EB-7836-450A-A11C-46B785C3C995}.Debug|Any CPU.Build.0 = Debug|Any CPU
		{EA61B0EB-7836-450A-A11C-46B785C3C995}.Release|Any CPU.ActiveCfg = Release|Any CPU
		{EA61B0EB-7836-450A-A11C-46B785C3C995}.Release|Any CPU.Build.0 = Release|Any CPU
		{A64DE2D2-4B45-4FB0-B85B-D1BDF146015A}.Debug|Any CPU.ActiveCfg = Debug|Any CPU
		{A64DE2D2-4B45-4FB0-B85B-D1BDF146015A}.Debug|Any CPU.Build.0 = Debug|Any CPU
		{A64DE2D2-4B45-4FB0-B85B-D1BDF146015A}.Release|Any CPU.ActiveCfg = Release|Any CPU
		{A64DE2D2-4B45-4FB0-B85B-D1BDF146015A}.Release|Any CPU.Build.0 = Release|Any CPU
		{8B00DF71-0632-400D-89F1-BB5AA140FA5E}.Debug|Any CPU.ActiveCfg = Debug|Any CPU
		{8B00DF71-0632-400D-89F1-BB5AA140FA5E}.Debug|Any CPU.Build.0 = Debug|Any CPU
		{8B00DF71-0632-400D-89F1-BB5AA140FA5E}.Release|Any CPU.ActiveCfg = Release|Any CPU
		{8B00DF71-0632-400D-89F1-BB5AA140FA5E}.Release|Any CPU.Build.0 = Release|Any CPU
		{3DB53D8F-74BA-4334-90EF-5A57BFABBB50}.Debug|Any CPU.ActiveCfg = Debug|Any CPU
		{3DB53D8F-74BA-4334-90EF-5A57BFABBB50}.Debug|Any CPU.Build.0 = Debug|Any CPU
		{3DB53D8F-74BA-4334-90EF-5A57BFABBB50}.Release|Any CPU.ActiveCfg = Release|Any CPU
		{3DB53D8F-74BA-4334-90EF-5A57BFABBB50}.Release|Any CPU.Build.0 = Release|Any CPU
		{AB431DE1-6002-4ADE-A965-81F9DBD8EA7A}.Debug|Any CPU.ActiveCfg = Debug|Any CPU
		{AB431DE1-6002-4ADE-A965-81F9DBD8EA7A}.Debug|Any CPU.Build.0 = Debug|Any CPU
		{AB431DE1-6002-4ADE-A965-81F9DBD8EA7A}.Release|Any CPU.ActiveCfg = Release|Any CPU
		{AB431DE1-6002-4ADE-A965-81F9DBD8EA7A}.Release|Any CPU.Build.0 = Release|Any CPU
		{F5E210BC-1F6D-489B-B745-D3AAB9BA804F}.Debug|Any CPU.ActiveCfg = Debug|Any CPU
		{F5E210BC-1F6D-489B-B745-D3AAB9BA804F}.Debug|Any CPU.Build.0 = Debug|Any CPU
		{F5E210BC-1F6D-489B-B745-D3AAB9BA804F}.Release|Any CPU.ActiveCfg = Release|Any CPU
		{F5E210BC-1F6D-489B-B745-D3AAB9BA804F}.Release|Any CPU.Build.0 = Release|Any CPU
		{29C09BF3-F0F9-4C6C-A249-08DD8FDFEF6B}.Debug|Any CPU.ActiveCfg = Debug|Any CPU
		{29C09BF3-F0F9-4C6C-A249-08DD8FDFEF6B}.Debug|Any CPU.Build.0 = Debug|Any CPU
		{29C09BF3-F0F9-4C6C-A249-08DD8FDFEF6B}.Release|Any CPU.ActiveCfg = Release|Any CPU
		{29C09BF3-F0F9-4C6C-A249-08DD8FDFEF6B}.Release|Any CPU.Build.0 = Release|Any CPU
		{F50990A3-1E65-47FE-8C6F-2DD1CEE0318B}.Debug|Any CPU.ActiveCfg = Debug|Any CPU
		{F50990A3-1E65-47FE-8C6F-2DD1CEE0318B}.Debug|Any CPU.Build.0 = Debug|Any CPU
		{F50990A3-1E65-47FE-8C6F-2DD1CEE0318B}.Release|Any CPU.ActiveCfg = Release|Any CPU
		{F50990A3-1E65-47FE-8C6F-2DD1CEE0318B}.Release|Any CPU.Build.0 = Release|Any CPU
		{592EA3EA-3C77-4C03-8450-C973CBE244C5}.Debug|Any CPU.ActiveCfg = Debug|Any CPU
		{592EA3EA-3C77-4C03-8450-C973CBE244C5}.Debug|Any CPU.Build.0 = Debug|Any CPU
		{592EA3EA-3C77-4C03-8450-C973CBE244C5}.Release|Any CPU.ActiveCfg = Release|Any CPU
		{592EA3EA-3C77-4C03-8450-C973CBE244C5}.Release|Any CPU.Build.0 = Release|Any CPU
		{47036623-C7CE-478D-B8F6-3EF9A3958D39}.Debug|Any CPU.ActiveCfg = Debug|Any CPU
		{47036623-C7CE-478D-B8F6-3EF9A3958D39}.Debug|Any CPU.Build.0 = Debug|Any CPU
		{47036623-C7CE-478D-B8F6-3EF9A3958D39}.Release|Any CPU.ActiveCfg = Release|Any CPU
		{47036623-C7CE-478D-B8F6-3EF9A3958D39}.Release|Any CPU.Build.0 = Release|Any CPU
		{92A52EF8-ACF9-415D-A1A3-E20079641D7B}.Debug|Any CPU.ActiveCfg = Debug|Any CPU
		{92A52EF8-ACF9-415D-A1A3-E20079641D7B}.Debug|Any CPU.Build.0 = Debug|Any CPU
		{92A52EF8-ACF9-415D-A1A3-E20079641D7B}.Release|Any CPU.ActiveCfg = Release|Any CPU
		{92A52EF8-ACF9-415D-A1A3-E20079641D7B}.Release|Any CPU.Build.0 = Release|Any CPU
		{72CDB535-323F-4DD2-9A1E-2B06B76CBCF1}.Debug|Any CPU.ActiveCfg = Debug|Any CPU
		{72CDB535-323F-4DD2-9A1E-2B06B76CBCF1}.Debug|Any CPU.Build.0 = Debug|Any CPU
		{72CDB535-323F-4DD2-9A1E-2B06B76CBCF1}.Release|Any CPU.ActiveCfg = Release|Any CPU
		{72CDB535-323F-4DD2-9A1E-2B06B76CBCF1}.Release|Any CPU.Build.0 = Release|Any CPU
		{6F72B49A-8FB9-48C5-97C8-DC3154ED25EC}.Debug|Any CPU.ActiveCfg = Debug|Any CPU
		{6F72B49A-8FB9-48C5-97C8-DC3154ED25EC}.Debug|Any CPU.Build.0 = Debug|Any CPU
		{6F72B49A-8FB9-48C5-97C8-DC3154ED25EC}.Release|Any CPU.ActiveCfg = Release|Any CPU
		{6F72B49A-8FB9-48C5-97C8-DC3154ED25EC}.Release|Any CPU.Build.0 = Release|Any CPU
		{A4D92141-9DD9-45CC-9CC5-054B7F555834}.Debug|Any CPU.ActiveCfg = Debug|Any CPU
		{A4D92141-9DD9-45CC-9CC5-054B7F555834}.Debug|Any CPU.Build.0 = Debug|Any CPU
		{A4D92141-9DD9-45CC-9CC5-054B7F555834}.Release|Any CPU.ActiveCfg = Release|Any CPU
		{A4D92141-9DD9-45CC-9CC5-054B7F555834}.Release|Any CPU.Build.0 = Release|Any CPU
	EndGlobalSection
	GlobalSection(NestedProjects) = preSolution
	EndGlobalSection
EndGlobal
